<?xml version="1.0" encoding="utf-8"?>
<Project ToolsVersion="4.0" xmlns="http://schemas.microsoft.com/developer/msbuild/2003">
  <ItemGroup>
    <Filter Include="Исходные файлы">
      <UniqueIdentifier>{4FC737F1-C7A5-4376-A066-2A32D752A2FF}</UniqueIdentifier>
      <Extensions>cpp;c;cc;cxx;def;odl;idl;hpj;bat;asm;asmx</Extensions>
    </Filter>
    <Filter Include="Файлы заголовков">
      <UniqueIdentifier>{93995380-89BD-4b04-88EB-625FBE52EBFB}</UniqueIdentifier>
      <Extensions>h;hh;hpp;hxx;hm;inl;inc;xsd</Extensions>
    </Filter>
    <Filter Include="Файлы ресурсов">
      <UniqueIdentifier>{67DA6AB6-F800-4c08-8B7A-83BB121AAD01}</UniqueIdentifier>
      <Extensions>rc;ico;cur;bmp;dlg;rc2;rct;bin;rgs;gif;jpg;jpeg;jpe;resx;tiff;tif;png;wav;mfcribbon-ms</Extensions>
    </Filter>
    <Filter Include="Исходные файлы\Assembly">
      <UniqueIdentifier>{d47d7ce0-db94-4a90-b858-87bc2edf3af2}</UniqueIdentifier>
    </Filter>
  </ItemGroup>
  <ItemGroup>
    <ClInclude Include="stdafx.h">
      <Filter>Файлы заголовков</Filter>
    </ClInclude>
    <ClInclude Include="targetver.h">
      <Filter>Файлы заголовков</Filter>
    </ClInclude>
    <ClInclude Include="AsmFuncs.h">
      <Filter>Файлы заголовков</Filter>
    </ClInclude>
    <ClInclude Include="io.h">
      <Filter>Файлы заголовков</Filter>
    </ClInclude>
  </ItemGroup>
  <ItemGroup>
    <ClCompile Include="stdafx.cpp">
      <Filter>Исходные файлы</Filter>
    </ClCompile>
    <ClCompile Include="AsmTasks.cpp">
      <Filter>Исходные файлы</Filter>
    </ClCompile>
    <ClCompile Include="AsmFuncs.cpp">
      <Filter>Исходные файлы</Filter>
    </ClCompile>
  </ItemGroup>
  <ItemGroup>
    <MASM Include="Atof.asm">
      <Filter>Исходные файлы\Assembly</Filter>
    </MASM>
    <MASM Include="Atoi.asm">
      <Filter>Исходные файлы\Assembly</Filter>
    </MASM>
    <MASM Include="BcdAdd.asm">
      <Filter>Исходные файлы\Assembly</Filter>
    </MASM>
    <MASM Include="BcdCmp.asm">
      <Filter>Исходные файлы\Assembly</Filter>
    </MASM>
    <MASM Include="BcdSub.asm">
      <Filter>Исходные файлы\Assembly</Filter>
    </MASM>
    <MASM Include="Crypt.asm">
      <Filter>Исходные файлы\Assembly</Filter>
    </MASM>
    <MASM Include="DivBy2n.asm">
      <Filter>Исходные файлы\Assembly</Filter>
    </MASM>
    <MASM Include="FirstLastOf.asm">
      <Filter>Исходные файлы\Assembly</Filter>
    </MASM>
    <MASM Include="Itoa.asm">
      <Filter>Исходные файлы\Assembly</Filter>
    </MASM>
    <MASM Include="Memset.asm">
      <Filter>Исходные файлы\Assembly</Filter>
    </MASM>
    <MASM Include="MulBy2n.asm">
      <Filter>Исходные файлы\Assembly</Filter>
    </MASM>
    <MASM Include="SaddleElement.asm">
      <Filter>Исходные файлы\Assembly</Filter>
    </MASM>
    <MASM Include="ScaleCopy.asm">
      <Filter>Исходные файлы\Assembly</Filter>
    </MASM>
    <MASM Include="StrStr.asm">
      <Filter>Исходные файлы\Assembly</Filter>
    </MASM>
    <MASM Include="Union.asm">
      <Filter>Исходные файлы\Assembly</Filter>
    </MASM>
    <MASM Include="WStrCmp.asm">
      <Filter>Исходные файлы\Assembly</Filter>
    </MASM>
  </ItemGroup>
</Project>